
Microsoft Visual Studio Solution File, Format Version 12.00
# Visual Studio Version 16
VisualStudioVersion = 16.0.30011.22
MinimumVisualStudioVersion = 10.0.40219.1
Project("{FAE04EC0-301F-11D3-BF4B-00C04F79EFBC}") = "OpenSubtitlesBulkDownload", "OpenSubtitlesBulkDownload\OpenSubtitlesBulkDownload.csproj", "{3EA67A16-88B3-4825-832E-B50B8163563B}"
EndProject
Project("{9A19103F-16F7-4668-BE54-9A1E7A4F7556}") = "OSAPIcalls", "OSAPIcalls\OSAPIcalls.csproj", "{495B553D-9A31-46CE-818F-139EF7547649}"
EndProject
Project("{9A19103F-16F7-4668-BE54-9A1E7A4F7556}") = "MovieHasher", "MovieHasher\MovieHasher.csproj", "{193967E9-50A8-4E8C-A35A-162284900CC5}"
EndProject
Project("{FAE04EC0-301F-11D3-BF4B-00C04F79EFBC}") = "OSBDgui", "OSBDgui\OSBDgui.csproj", "{17D6A787-A976-4398-A79A-C0DF5AD2E1E0}"
EndProject
Global
	GlobalSection(SolutionConfigurationPlatforms) = preSolution
		Debug|Any CPU = Debug|Any CPU
		Debug|ARM = Debug|ARM
		Debug|ARM64 = Debug|ARM64
		Debug|x64 = Debug|x64
		Debug|x86 = Debug|x86
		Release|Any CPU = Release|Any CPU
		Release|ARM = Release|ARM
		Release|ARM64 = Release|ARM64
		Release|x64 = Release|x64
		Release|x86 = Release|x86
	EndGlobalSection
	GlobalSection(ProjectConfigurationPlatforms) = postSolution
		{3EA67A16-88B3-4825-832E-B50B8163563B}.Debug|Any CPU.ActiveCfg = Debug|Any CPU
		{3EA67A16-88B3-4825-832E-B50B8163563B}.Debug|Any CPU.Build.0 = Debug|Any CPU
		{3EA67A16-88B3-4825-832E-B50B8163563B}.Debug|ARM.ActiveCfg = Debug|Any CPU
		{3EA67A16-88B3-4825-832E-B50B8163563B}.Debug|ARM.Build.0 = Debug|Any CPU
		{3EA67A16-88B3-4825-832E-B50B8163563B}.Debug|ARM64.ActiveCfg = Debug|Any CPU
		{3EA67A16-88B3-4825-832E-B50B8163563B}.Debug|ARM64.Build.0 = Debug|Any CPU
		{3EA67A16-88B3-4825-832E-B50B8163563B}.Debug|x64.ActiveCfg = Debug|Any CPU
		{3EA67A16-88B3-4825-832E-B50B8163563B}.Debug|x64.Build.0 = Debug|Any CPU
		{3EA67A16-88B3-4825-832E-B50B8163563B}.Debug|x86.ActiveCfg = Debug|Any CPU
		{3EA67A16-88B3-4825-832E-B50B8163563B}.Debug|x86.Build.0 = Debug|Any CPU
		{3EA67A16-88B3-4825-832E-B50B8163563B}.Release|Any CPU.ActiveCfg = Release|Any CPU
		{3EA67A16-88B3-4825-832E-B50B8163563B}.Release|Any CPU.Build.0 = Release|Any CPU
		{3EA67A16-88B3-4825-832E-B50B8163563B}.Release|ARM.ActiveCfg = Release|Any CPU
		{3EA67A16-88B3-4825-832E-B50B8163563B}.Release|ARM.Build.0 = Release|Any CPU
		{3EA67A16-88B3-4825-832E-B50B8163563B}.Release|ARM64.ActiveCfg = Release|Any CPU
		{3EA67A16-88B3-4825-832E-B50B8163563B}.Release|ARM64.Build.0 = Release|Any CPU
		{3EA67A16-88B3-4825-832E-B50B8163563B}.Release|x64.ActiveCfg = Release|Any CPU
		{3EA67A16-88B3-4825-832E-B50B8163563B}.Release|x64.Build.0 = Release|Any CPU
		{3EA67A16-88B3-4825-832E-B50B8163563B}.Release|x86.ActiveCfg = Release|Any CPU
		{3EA67A16-88B3-4825-832E-B50B8163563B}.Release|x86.Build.0 = Release|Any CPU
		{495B553D-9A31-46CE-818F-139EF7547649}.Debug|Any CPU.ActiveCfg = Debug|Any CPU
		{495B553D-9A31-46CE-818F-139EF7547649}.Debug|Any CPU.Build.0 = Debug|Any CPU
		{495B553D-9A31-46CE-818F-139EF7547649}.Debug|ARM.ActiveCfg = Debug|Any CPU
		{495B553D-9A31-46CE-818F-139EF7547649}.Debug|ARM.Build.0 = Debug|Any CPU
		{495B553D-9A31-46CE-818F-139EF7547649}.Debug|ARM64.ActiveCfg = Debug|Any CPU
		{495B553D-9A31-46CE-818F-139EF7547649}.Debug|ARM64.Build.0 = Debug|Any CPU
		{495B553D-9A31-46CE-818F-139EF7547649}.Debug|x64.ActiveCfg = Debug|Any CPU
		{495B553D-9A31-46CE-818F-139EF7547649}.Debug|x64.Build.0 = Debug|Any CPU
		{495B553D-9A31-46CE-818F-139EF7547649}.Debug|x86.ActiveCfg = Debug|Any CPU
		{495B553D-9A31-46CE-818F-139EF7547649}.Debug|x86.Build.0 = Debug|Any CPU
		{495B553D-9A31-46CE-818F-139EF7547649}.Release|Any CPU.ActiveCfg = Release|Any CPU
		{495B553D-9A31-46CE-818F-139EF7547649}.Release|Any CPU.Build.0 = Release|Any CPU
		{495B553D-9A31-46CE-818F-139EF7547649}.Release|ARM.ActiveCfg = Release|Any CPU
		{495B553D-9A31-46CE-818F-139EF7547649}.Release|ARM.Build.0 = Release|Any CPU
		{495B553D-9A31-46CE-818F-139EF7547649}.Release|ARM64.ActiveCfg = Release|Any CPU
		{495B553D-9A31-46CE-818F-139EF7547649}.Release|ARM64.Build.0 = Release|Any CPU
		{495B553D-9A31-46CE-818F-139EF7547649}.Release|x64.ActiveCfg = Release|Any CPU
		{495B553D-9A31-46CE-818F-139EF7547649}.Release|x64.Build.0 = Release|Any CPU
		{495B553D-9A31-46CE-818F-139EF7547649}.Release|x86.ActiveCfg = Release|Any CPU
		{495B553D-9A31-46CE-818F-139EF7547649}.Release|x86.Build.0 = Release|Any CPU
		{193967E9-50A8-4E8C-A35A-162284900CC5}.Debug|Any CPU.ActiveCfg = Debug|Any CPU
		{193967E9-50A8-4E8C-A35A-162284900CC5}.Debug|Any CPU.Build.0 = Debug|Any CPU
		{193967E9-50A8-4E8C-A35A-162284900CC5}.Debug|ARM.ActiveCfg = Debug|Any CPU
		{193967E9-50A8-4E8C-A35A-162284900CC5}.Debug|ARM.Build.0 = Debug|Any CPU
		{193967E9-50A8-4E8C-A35A-162284900CC5}.Debug|ARM64.ActiveCfg = Debug|Any CPU
		{193967E9-50A8-4E8C-A35A-162284900CC5}.Debug|ARM64.Build.0 = Debug|Any CPU
		{193967E9-50A8-4E8C-A35A-162284900CC5}.Debug|x64.ActiveCfg = Debug|Any CPU
		{193967E9-50A8-4E8C-A35A-162284900CC5}.Debug|x64.Build.0 = Debug|Any CPU
		{193967E9-50A8-4E8C-A35A-162284900CC5}.Debug|x86.ActiveCfg = Debug|Any CPU
		{193967E9-50A8-4E8C-A35A-162284900CC5}.Debug|x86.Build.0 = Debug|Any CPU
		{193967E9-50A8-4E8C-A35A-162284900CC5}.Release|Any CPU.ActiveCfg = Release|Any CPU
		{193967E9-50A8-4E8C-A35A-162284900CC5}.Release|Any CPU.Build.0 = Release|Any CPU
		{193967E9-50A8-4E8C-A35A-162284900CC5}.Release|ARM.ActiveCfg = Release|Any CPU
		{193967E9-50A8-4E8C-A35A-162284900CC5}.Release|ARM.Build.0 = Release|Any CPU
		{193967E9-50A8-4E8C-A35A-162284900CC5}.Release|ARM64.ActiveCfg = Release|Any CPU
		{193967E9-50A8-4E8C-A35A-162284900CC5}.Release|ARM64.Build.0 = Release|Any CPU
		{193967E9-50A8-4E8C-A35A-162284900CC5}.Release|x64.ActiveCfg = Release|Any CPU
		{193967E9-50A8-4E8C-A35A-162284900CC5}.Release|x64.Build.0 = Release|Any CPU
		{193967E9-50A8-4E8C-A35A-162284900CC5}.Release|x86.ActiveCfg = Release|Any CPU
		{193967E9-50A8-4E8C-A35A-162284900CC5}.Release|x86.Build.0 = Release|Any CPU
		{17D6A787-A976-4398-A79A-C0DF5AD2E1E0}.Debug|Any CPU.ActiveCfg = Debug|Any CPU
		{17D6A787-A976-4398-A79A-C0DF5AD2E1E0}.Debug|Any CPU.Build.0 = Debug|Any CPU
		{17D6A787-A976-4398-A79A-C0DF5AD2E1E0}.Debug|ARM.ActiveCfg = Debug|Any CPU
		{17D6A787-A976-4398-A79A-C0DF5AD2E1E0}.Debug|ARM.Build.0 = Debug|Any CPU
		{17D6A787-A976-4398-A79A-C0DF5AD2E1E0}.Debug|ARM64.ActiveCfg = Debug|Any CPU
		{17D6A787-A976-4398-A79A-C0DF5AD2E1E0}.Debug|ARM64.Build.0 = Debug|Any CPU
		{17D6A787-A976-4398-A79A-C0DF5AD2E1E0}.Debug|x64.ActiveCfg = Debug|Any CPU
		{17D6A787-A976-4398-A79A-C0DF5AD2E1E0}.Debug|x64.Build.0 = Debug|Any CPU
		{17D6A787-A976-4398-A79A-C0DF5AD2E1E0}.Debug|x86.ActiveCfg = Debug|Any CPU
		{17D6A787-A976-4398-A79A-C0DF5AD2E1E0}.Debug|x86.Build.0 = Debug|Any CPU
		{17D6A787-A976-4398-A79A-C0DF5AD2E1E0}.Release|Any CPU.ActiveCfg = Release|Any CPU
		{17D6A787-A976-4398-A79A-C0DF5AD2E1E0}.Release|Any CPU.Build.0 = Release|Any CPU
		{17D6A787-A976-4398-A79A-C0DF5AD2E1E0}.Release|ARM.ActiveCfg = Release|Any CPU
		{17D6A787-A976-4398-A79A-C0DF5AD2E1E0}.Release|ARM.Build.0 = Release|Any CPU
		{17D6A787-A976-4398-A79A-C0DF5AD2E1E0}.Release|ARM64.ActiveCfg = Release|Any CPU
		{17D6A787-A976-4398-A79A-C0DF5AD2E1E0}.Release|ARM64.Build.0 = Release|Any CPU
		{17D6A787-A976-4398-A79A-C0DF5AD2E1E0}.Release|x64.ActiveCfg = Release|Any CPU
		{17D6A787-A976-4398-A79A-C0DF5AD2E1E0}.Release|x64.Build.0 = Release|Any CPU
		{17D6A787-A976-4398-A79A-C0DF5AD2E1E0}.Release|x86.ActiveCfg = Release|Any CPU
		{17D6A787-A976-4398-A79A-C0DF5AD2E1E0}.Release|x86.Build.0 = Release|Any CPU
	EndGlobalSection
	GlobalSection(SolutionProperties) = preSolution
		HideSolutionNode = FALSE
	EndGlobalSection
	GlobalSection(ExtensibilityGlobals) = postSolution
		SolutionGuid = {853B2580-99F6-400D-8CCC-57105FDBEFC6}
	EndGlobalSection
EndGlobal
